
Microsoft Visual Studio Solution File, Format Version 12.00
# Visual Studio Version 16
VisualStudioVersion = 16.0.31025.194
MinimumVisualStudioVersion = 10.0.40219.1
Project("{9A19103F-16F7-4668-BE54-9A1E7A4F7556}") = "CoolProductApi", "CoolProductApi\CoolProductApi.csproj", "{EAC9A0C2-CDC0-4823-ADFC-DE84D82C0A82}"
EndProject
Project("{2150E333-8FDC-42A3-9474-1A3956D46DE8}") = "Solution Items", "Solution Items", "{208A8B16-788D-47A1-8C58-51FE7642E904}"
	ProjectSection(SolutionItems) = preProject
		AspNetCoreApiVersioning.md = AspNetCoreApiVersioning.md
		README.md = README.md
		RespondingWithVersionInformation.md = RespondingWithVersionInformation.md
		VersioningCombination.md = VersioningCombination.md
		VersioningFluentSyntax.md = VersioningFluentSyntax.md
		VersioningUriPath.md = VersioningUriPath.md
		VersioningUsingAcceptHeader.md = VersioningUsingAcceptHeader.md
		VersioningUsingCustomHeader.md = VersioningUsingCustomHeader.md
	EndProjectSection
EndProject
Global
	GlobalSection(SolutionConfigurationPlatforms) = preSolution
		Debug|Any CPU = Debug|Any CPU
		Release|Any CPU = Release|Any CPU
	EndGlobalSection
	GlobalSection(ProjectConfigurationPlatforms) = postSolution
		{EAC9A0C2-CDC0-4823-ADFC-DE84D82C0A82}.Debug|Any CPU.ActiveCfg = Debug|Any CPU
		{EAC9A0C2-CDC0-4823-ADFC-DE84D82C0A82}.Debug|Any CPU.Build.0 = Debug|Any CPU
		{EAC9A0C2-CDC0-4823-ADFC-DE84D82C0A82}.Release|Any CPU.ActiveCfg = Release|Any CPU
		{EAC9A0C2-CDC0-4823-ADFC-DE84D82C0A82}.Release|Any CPU.Build.0 = Release|Any CPU
	EndGlobalSection
	GlobalSection(SolutionProperties) = preSolution
		HideSolutionNode = FALSE
	EndGlobalSection
	GlobalSection(ExtensibilityGlobals) = postSolution
		SolutionGuid = {0A14F892-F175-4438-9F7D-8950F2EBD3A8}
	EndGlobalSection
EndGlobal
