
Microsoft Visual Studio Solution File, Format Version 12.00
# Visual Studio Version 16
VisualStudioVersion = 16.0.31025.194
MinimumVisualStudioVersion = 10.0.40219.1
Project("{FAE04EC0-301F-11D3-BF4B-00C04F79EFBC}") = "CoolProductApi", "CoolProductApi\CoolProductApi.csproj", "{EAC9A0C2-CDC0-4823-ADFC-DE84D82C0A82}"
EndProject
Global
	GlobalSection(SolutionConfigurationPlatforms) = preSolution
		Debug|Any CPU = Debug|Any CPU
		Release|Any CPU = Release|Any CPU
	EndGlobalSection
	GlobalSection(ProjectConfigurationPlatforms) = postSolution
		{EAC9A0C2-CDC0-4823-ADFC-DE84D82C0A82}.Debug|Any CPU.ActiveCfg = Debug|Any CPU
		{EAC9A0C2-CDC0-4823-ADFC-DE84D82C0A82}.Debug|Any CPU.Build.0 = Debug|Any CPU
		{EAC9A0C2-CDC0-4823-ADFC-DE84D82C0A82}.Release|Any CPU.ActiveCfg = Release|Any CPU
		{EAC9A0C2-CDC0-4823-ADFC-DE84D82C0A82}.Release|Any CPU.Build.0 = Release|Any CPU
	EndGlobalSection
	GlobalSection(SolutionProperties) = preSolution
		HideSolutionNode = FALSE
	EndGlobalSection
	GlobalSection(ExtensibilityGlobals) = postSolution
		SolutionGuid = {0A14F892-F175-4438-9F7D-8950F2EBD3A8}
	EndGlobalSection
EndGlobal
